
Microsoft Visual Studio Solution File, Format Version 12.00
# Visual Studio Version 17
VisualStudioVersion = 17.9.34616.47
MinimumVisualStudioVersion = 10.0.40219.1
Project("{8BC9CEB8-8B4A-11D0-8D11-00A0C91BC942}") = "WindowsProject2", "WindowsProject2\WindowsProject2.vcxproj", "{D0F644D3-CE96-48EB-B4AA-438B86FD379A}"
EndProject
Global
	GlobalSection(SolutionConfigurationPlatforms) = preSolution
		Debug|x64 = Debug|x64
		Debug|x86 = Debug|x86
		Release|x64 = Release|x64
		Release|x86 = Release|x86
	EndGlobalSection
	GlobalSection(ProjectConfigurationPlatforms) = postSolution
		{D0F644D3-CE96-48EB-B4AA-438B86FD379A}.Debug|x64.ActiveCfg = Debug|x64
		{D0F644D3-CE96-48EB-B4AA-438B86FD379A}.Debug|x64.Build.0 = Debug|x64
		{D0F644D3-CE96-48EB-B4AA-438B86FD379A}.Debug|x86.ActiveCfg = Debug|Win32
		{D0F644D3-CE96-48EB-B4AA-438B86FD379A}.Debug|x86.Build.0 = Debug|Win32
		{D0F644D3-CE96-48EB-B4AA-438B86FD379A}.Release|x64.ActiveCfg = Release|x64
		{D0F644D3-CE96-48EB-B4AA-438B86FD379A}.Release|x64.Build.0 = Release|x64
		{D0F644D3-CE96-48EB-B4AA-438B86FD379A}.Release|x86.ActiveCfg = Release|Win32
		{D0F644D3-CE96-48EB-B4AA-438B86FD379A}.Release|x86.Build.0 = Release|Win32
	EndGlobalSection
	GlobalSection(SolutionProperties) = preSolution
		HideSolutionNode = FALSE
	EndGlobalSection
	GlobalSection(ExtensibilityGlobals) = postSolution
		SolutionGuid = {2CA654FC-4E4C-4FE4-9E57-9F087CC3892C}
	EndGlobalSection
EndGlobal
